
Microsoft Visual Studio Solution File, Format Version 12.00
# Visual Studio Version 17
VisualStudioVersion = 17.14.36401.2 d17.14
MinimumVisualStudioVersion = 10.0.40219.1
Project("{FAE04EC0-301F-11D3-BF4B-00C04F79EFBC}") = "API", "API\API.csproj", "{6B2C4877-79B7-4B71-8FA8-7CEFD8F2A872}"
EndProject
Project("{FAE04EC0-301F-11D3-BF4B-00C04F79EFBC}") = "Application", "Application\Application.csproj", "{197DD5E5-444F-4F27-8385-7389A69C5756}"
EndProject
Project("{FAE04EC0-301F-11D3-BF4B-00C04F79EFBC}") = "Domain", "Domain\Domain.csproj", "{1A0FB18D-4D47-494A-8FAB-ACAD278B4660}"
EndProject
Project("{FAE04EC0-301F-11D3-BF4B-00C04F79EFBC}") = "Infrastructure", "Infrastructure\Infrastructure.csproj", "{05E5FD52-E448-4954-BDB3-288199802D99}"
EndProject
Project("{FAE04EC0-301F-11D3-BF4B-00C04F79EFBC}") = "Persistence", "Persistence\Persistence.csproj", "{B2287E48-0713-45AB-8D01-FB175DFC8335}"
EndProject
Global
	GlobalSection(SolutionConfigurationPlatforms) = preSolution
		Debug|Any CPU = Debug|Any CPU
		Release|Any CPU = Release|Any CPU
	EndGlobalSection
	GlobalSection(ProjectConfigurationPlatforms) = postSolution
		{6B2C4877-79B7-4B71-8FA8-7CEFD8F2A872}.Debug|Any CPU.ActiveCfg = Debug|Any CPU
		{6B2C4877-79B7-4B71-8FA8-7CEFD8F2A872}.Debug|Any CPU.Build.0 = Debug|Any CPU
		{6B2C4877-79B7-4B71-8FA8-7CEFD8F2A872}.Release|Any CPU.ActiveCfg = Release|Any CPU
		{6B2C4877-79B7-4B71-8FA8-7CEFD8F2A872}.Release|Any CPU.Build.0 = Release|Any CPU
		{197DD5E5-444F-4F27-8385-7389A69C5756}.Debug|Any CPU.ActiveCfg = Debug|Any CPU
		{197DD5E5-444F-4F27-8385-7389A69C5756}.Debug|Any CPU.Build.0 = Debug|Any CPU
		{197DD5E5-444F-4F27-8385-7389A69C5756}.Release|Any CPU.ActiveCfg = Release|Any CPU
		{197DD5E5-444F-4F27-8385-7389A69C5756}.Release|Any CPU.Build.0 = Release|Any CPU
		{1A0FB18D-4D47-494A-8FAB-ACAD278B4660}.Debug|Any CPU.ActiveCfg = Debug|Any CPU
		{1A0FB18D-4D47-494A-8FAB-ACAD278B4660}.Debug|Any CPU.Build.0 = Debug|Any CPU
		{1A0FB18D-4D47-494A-8FAB-ACAD278B4660}.Release|Any CPU.ActiveCfg = Release|Any CPU
		{1A0FB18D-4D47-494A-8FAB-ACAD278B4660}.Release|Any CPU.Build.0 = Release|Any CPU
		{05E5FD52-E448-4954-BDB3-288199802D99}.Debug|Any CPU.ActiveCfg = Debug|Any CPU
		{05E5FD52-E448-4954-BDB3-288199802D99}.Debug|Any CPU.Build.0 = Debug|Any CPU
		{05E5FD52-E448-4954-BDB3-288199802D99}.Release|Any CPU.ActiveCfg = Release|Any CPU
		{05E5FD52-E448-4954-BDB3-288199802D99}.Release|Any CPU.Build.0 = Release|Any CPU
		{B2287E48-0713-45AB-8D01-FB175DFC8335}.Debug|Any CPU.ActiveCfg = Debug|Any CPU
		{B2287E48-0713-45AB-8D01-FB175DFC8335}.Debug|Any CPU.Build.0 = Debug|Any CPU
		{B2287E48-0713-45AB-8D01-FB175DFC8335}.Release|Any CPU.ActiveCfg = Release|Any CPU
		{B2287E48-0713-45AB-8D01-FB175DFC8335}.Release|Any CPU.Build.0 = Release|Any CPU
	EndGlobalSection
	GlobalSection(SolutionProperties) = preSolution
		HideSolutionNode = FALSE
	EndGlobalSection
	GlobalSection(ExtensibilityGlobals) = postSolution
		SolutionGuid = {99564B5B-FA92-47F0-A5BD-16A5F08ED304}
	EndGlobalSection
EndGlobal
